
Microsoft Visual Studio Solution File, Format Version 12.00
# Visual Studio Version 17
VisualStudioVersion = 17.0.31717.71
MinimumVisualStudioVersion = 10.0.40219.1
Project("{FAE04EC0-301F-11D3-BF4B-00C04F79EFBC}") = "WinDirStat.Net", "WinDirStat.Net\WinDirStat.Net.csproj", "{7577AAA1-EF63-40F5-BFC1-EB8BA1F46FD7}"
EndProject
Project("{FAE04EC0-301F-11D3-BF4B-00C04F79EFBC}") = "NtfsReader", "NtfsReader\NtfsReader.csproj", "{DBACEFC5-0234-4317-B096-F212ECAE1DD1}"
EndProject
Project("{FAE04EC0-301F-11D3-BF4B-00C04F79EFBC}") = "FunctionalFun.UI.Behaviors", "FunctionalFun.UI.Behaviours\FunctionalFun.UI.Behaviors.csproj", "{7DA5A107-B474-4AC0-B861-63A489DB0C02}"
EndProject
Project("{9A19103F-16F7-4668-BE54-9A1E7A4F7556}") = "WinDirStat.Net.Base", "WinDirStat.Net.Base\WinDirStat.Net.Base.csproj", "{0ED71F8B-0797-468B-8420-2E2879DA2302}"
EndProject
Project("{9A19103F-16F7-4668-BE54-9A1E7A4F7556}") = "WinDirStat.Net.Windows", "WinDirStat.Net.Windows\WinDirStat.Net.Windows.csproj", "{6416AA44-0296-4FF8-B408-A39A6C80DC2B}"
EndProject
Project("{FAE04EC0-301F-11D3-BF4B-00C04F79EFBC}") = "WinDirStat.Net.Wpf", "WinDirStat.Net.Wpf\WinDirStat.Net.Wpf.csproj", "{BF8C1ACF-CCB6-4CAD-BDB9-A99475606605}"
EndProject
Project("{9A19103F-16F7-4668-BE54-9A1E7A4F7556}") = "WinDirStat.Net.Wpf.Base", "WinDirStat.Net.Wpf.Base\WinDirStat.Net.Wpf.Base.csproj", "{EF57DB12-06C2-4441-BA5E-56AEB8E0B907}"
EndProject
Project("{FAE04EC0-301F-11D3-BF4B-00C04F79EFBC}") = "WinDirStat.Net.Wpf.Single", "WinDirStat.Net.Wpf.Single\WinDirStat.Net.Wpf.Single.csproj", "{DA620261-55E4-4382-8866-168D958A3BE7}"
EndProject
Project("{2150E333-8FDC-42A3-9474-1A3956D46DE8}") = "Libraries", "Libraries", "{46B0460D-2FF3-421B-843A-C44A4599B51B}"
EndProject
Project("{2150E333-8FDC-42A3-9474-1A3956D46DE8}") = "Old", "Old", "{4CC41450-EB44-4066-93B5-BD8C3A3130DD}"
EndProject
Global
	GlobalSection(SolutionConfigurationPlatforms) = preSolution
		Debug|Any CPU = Debug|Any CPU
		Release|Any CPU = Release|Any CPU
	EndGlobalSection
	GlobalSection(ProjectConfigurationPlatforms) = postSolution
		{7577AAA1-EF63-40F5-BFC1-EB8BA1F46FD7}.Debug|Any CPU.ActiveCfg = Debug|Any CPU
		{7577AAA1-EF63-40F5-BFC1-EB8BA1F46FD7}.Debug|Any CPU.Build.0 = Debug|Any CPU
		{7577AAA1-EF63-40F5-BFC1-EB8BA1F46FD7}.Release|Any CPU.ActiveCfg = Release|Any CPU
		{7577AAA1-EF63-40F5-BFC1-EB8BA1F46FD7}.Release|Any CPU.Build.0 = Release|Any CPU
		{DBACEFC5-0234-4317-B096-F212ECAE1DD1}.Debug|Any CPU.ActiveCfg = Debug|Any CPU
		{DBACEFC5-0234-4317-B096-F212ECAE1DD1}.Debug|Any CPU.Build.0 = Debug|Any CPU
		{DBACEFC5-0234-4317-B096-F212ECAE1DD1}.Release|Any CPU.ActiveCfg = Release|Any CPU
		{DBACEFC5-0234-4317-B096-F212ECAE1DD1}.Release|Any CPU.Build.0 = Release|Any CPU
		{7DA5A107-B474-4AC0-B861-63A489DB0C02}.Debug|Any CPU.ActiveCfg = Debug|Any CPU
		{7DA5A107-B474-4AC0-B861-63A489DB0C02}.Debug|Any CPU.Build.0 = Debug|Any CPU
		{7DA5A107-B474-4AC0-B861-63A489DB0C02}.Release|Any CPU.ActiveCfg = Release|Any CPU
		{7DA5A107-B474-4AC0-B861-63A489DB0C02}.Release|Any CPU.Build.0 = Release|Any CPU
		{0ED71F8B-0797-468B-8420-2E2879DA2302}.Debug|Any CPU.ActiveCfg = Debug|Any CPU
		{0ED71F8B-0797-468B-8420-2E2879DA2302}.Debug|Any CPU.Build.0 = Debug|Any CPU
		{0ED71F8B-0797-468B-8420-2E2879DA2302}.Release|Any CPU.ActiveCfg = Release|Any CPU
		{0ED71F8B-0797-468B-8420-2E2879DA2302}.Release|Any CPU.Build.0 = Release|Any CPU
		{6416AA44-0296-4FF8-B408-A39A6C80DC2B}.Debug|Any CPU.ActiveCfg = Debug|Any CPU
		{6416AA44-0296-4FF8-B408-A39A6C80DC2B}.Debug|Any CPU.Build.0 = Debug|Any CPU
		{6416AA44-0296-4FF8-B408-A39A6C80DC2B}.Release|Any CPU.ActiveCfg = Release|Any CPU
		{6416AA44-0296-4FF8-B408-A39A6C80DC2B}.Release|Any CPU.Build.0 = Release|Any CPU
		{BF8C1ACF-CCB6-4CAD-BDB9-A99475606605}.Debug|Any CPU.ActiveCfg = Debug|Any CPU
		{BF8C1ACF-CCB6-4CAD-BDB9-A99475606605}.Debug|Any CPU.Build.0 = Debug|Any CPU
		{BF8C1ACF-CCB6-4CAD-BDB9-A99475606605}.Release|Any CPU.ActiveCfg = Release|Any CPU
		{BF8C1ACF-CCB6-4CAD-BDB9-A99475606605}.Release|Any CPU.Build.0 = Release|Any CPU
		{EF57DB12-06C2-4441-BA5E-56AEB8E0B907}.Debug|Any CPU.ActiveCfg = Debug|Any CPU
		{EF57DB12-06C2-4441-BA5E-56AEB8E0B907}.Debug|Any CPU.Build.0 = Debug|Any CPU
		{EF57DB12-06C2-4441-BA5E-56AEB8E0B907}.Release|Any CPU.ActiveCfg = Release|Any CPU
		{EF57DB12-06C2-4441-BA5E-56AEB8E0B907}.Release|Any CPU.Build.0 = Release|Any CPU
		{DA620261-55E4-4382-8866-168D958A3BE7}.Debug|Any CPU.ActiveCfg = Debug|Any CPU
		{DA620261-55E4-4382-8866-168D958A3BE7}.Debug|Any CPU.Build.0 = Debug|Any CPU
		{DA620261-55E4-4382-8866-168D958A3BE7}.Release|Any CPU.ActiveCfg = Release|Any CPU
		{DA620261-55E4-4382-8866-168D958A3BE7}.Release|Any CPU.Build.0 = Release|Any CPU
	EndGlobalSection
	GlobalSection(SolutionProperties) = preSolution
		HideSolutionNode = FALSE
	EndGlobalSection
	GlobalSection(NestedProjects) = preSolution
		{7577AAA1-EF63-40F5-BFC1-EB8BA1F46FD7} = {4CC41450-EB44-4066-93B5-BD8C3A3130DD}
		{DBACEFC5-0234-4317-B096-F212ECAE1DD1} = {46B0460D-2FF3-421B-843A-C44A4599B51B}
		{7DA5A107-B474-4AC0-B861-63A489DB0C02} = {46B0460D-2FF3-421B-843A-C44A4599B51B}
		{0ED71F8B-0797-468B-8420-2E2879DA2302} = {4CC41450-EB44-4066-93B5-BD8C3A3130DD}
		{6416AA44-0296-4FF8-B408-A39A6C80DC2B} = {4CC41450-EB44-4066-93B5-BD8C3A3130DD}
		{BF8C1ACF-CCB6-4CAD-BDB9-A99475606605} = {4CC41450-EB44-4066-93B5-BD8C3A3130DD}
	EndGlobalSection
	GlobalSection(ExtensibilityGlobals) = postSolution
		EnterpriseLibraryConfigurationToolBinariesPathV6 = packages\EnterpriseLibrary.Common.6.0.1304.0\lib\NET45
		SolutionGuid = {A93EEC7D-680B-4135-9261-B4201D37538C}
	EndGlobalSection
	GlobalSection(Performance) = preSolution
		HasPerformanceSessions = true
	EndGlobalSection
EndGlobal
