
Microsoft Visual Studio Solution File, Format Version 12.00
# Visual Studio 15
VisualStudioVersion = 15.0.27703.2042
MinimumVisualStudioVersion = 10.0.40219.1
Project("{FAE04EC0-301F-11D3-BF4B-00C04F79EFBC}") = "WinDirStat.Net", "WinDirStat.Net\WinDirStat.Net.csproj", "{7577AAA1-EF63-40F5-BFC1-EB8BA1F46FD7}"
EndProject
Project("{FAE04EC0-301F-11D3-BF4B-00C04F79EFBC}") = "NtfsReader", "NtfsReader\NtfsReader.csproj", "{DBACEFC5-0234-4317-B096-F212ECAE1DD1}"
EndProject
Global
	GlobalSection(SolutionConfigurationPlatforms) = preSolution
		Debug|Any CPU = Debug|Any CPU
		Release|Any CPU = Release|Any CPU
	EndGlobalSection
	GlobalSection(ProjectConfigurationPlatforms) = postSolution
		{7577AAA1-EF63-40F5-BFC1-EB8BA1F46FD7}.Debug|Any CPU.ActiveCfg = Debug|Any CPU
		{7577AAA1-EF63-40F5-BFC1-EB8BA1F46FD7}.Debug|Any CPU.Build.0 = Debug|Any CPU
		{7577AAA1-EF63-40F5-BFC1-EB8BA1F46FD7}.Release|Any CPU.ActiveCfg = Release|Any CPU
		{7577AAA1-EF63-40F5-BFC1-EB8BA1F46FD7}.Release|Any CPU.Build.0 = Release|Any CPU
		{DBACEFC5-0234-4317-B096-F212ECAE1DD1}.Debug|Any CPU.ActiveCfg = Release|Any CPU
		{DBACEFC5-0234-4317-B096-F212ECAE1DD1}.Debug|Any CPU.Build.0 = Release|Any CPU
		{DBACEFC5-0234-4317-B096-F212ECAE1DD1}.Release|Any CPU.ActiveCfg = Release|Any CPU
		{DBACEFC5-0234-4317-B096-F212ECAE1DD1}.Release|Any CPU.Build.0 = Release|Any CPU
	EndGlobalSection
	GlobalSection(SolutionProperties) = preSolution
		HideSolutionNode = FALSE
	EndGlobalSection
	GlobalSection(ExtensibilityGlobals) = postSolution
		SolutionGuid = {A93EEC7D-680B-4135-9261-B4201D37538C}
	EndGlobalSection
	GlobalSection(Performance) = preSolution
		HasPerformanceSessions = true
	EndGlobalSection
EndGlobal
